// !$*UTF8*$!
{
	archiveVersion = 1;
	classes = {
	};
	objectVersion = 46;
	objects = {

/* Begin PBXBuildFile section */
		09C9CF5E1A132969003E532C /* Foundation.framework in Frameworks */ = {isa = PBXBuildFile; fileRef = 09C9CF5D1A132969003E532C /* Foundation.framework */; };
		09C9CF601A132969003E532C /* CoreGraphics.framework in Frameworks */ = {isa = PBXBuildFile; fileRef = 09C9CF5F1A132969003E532C /* CoreGraphics.framework */; };
		09C9CF621A132969003E532C /* UIKit.framework in Frameworks */ = {isa = PBXBuildFile; fileRef = 09C9CF611A132969003E532C /* UIKit.framework */; };
		09C9CF681A132969003E532C /* InfoPlist.strings in Resources */ = {isa = PBXBuildFile; fileRef = 09C9CF661A132969003E532C /* InfoPlist.strings */; };
		09C9CF6A1A132969003E532C /* main.m in Sources */ = {isa = PBXBuildFile; fileRef = 09C9CF691A132969003E532C /* main.m */; };
		09C9CF6E1A132969003E532C /* AppDelegate.m in Sources */ = {isa = PBXBuildFile; fileRef = 09C9CF6D1A132969003E532C /* AppDelegate.m */; };
		09C9CF711A132969003E532C /* Main.storyboard in Resources */ = {isa = PBXBuildFile; fileRef = 09C9CF6F1A132969003E532C /* Main.storyboard */; };
		09C9CF741A132969003E532C /* ViewController.m in Sources */ = {isa = PBXBuildFile; fileRef = 09C9CF731A132969003E532C /* ViewController.m */; };
		09C9CF761A132969003E532C /* Images.xcassets in Resources */ = {isa = PBXBuildFile; fileRef = 09C9CF751A132969003E532C /* Images.xcassets */; };
		09C9CF7D1A132969003E532C /* XCTest.framework in Frameworks */ = {isa = PBXBuildFile; fileRef = 09C9CF7C1A132969003E532C /* XCTest.framework */; };
		09C9CF7E1A132969003E532C /* Foundation.framework in Frameworks */ = {isa = PBXBuildFile; fileRef = 09C9CF5D1A132969003E532C /* Foundation.framework */; };
		09C9CF7F1A132969003E532C /* UIKit.framework in Frameworks */ = {isa = PBXBuildFile; fileRef = 09C9CF611A132969003E532C /* UIKit.framework */; };
		09C9CF871A132969003E532C /* InfoPlist.strings in Resources */ = {isa = PBXBuildFile; fileRef = 09C9CF851A132969003E532C /* InfoPlist.strings */; };
		09C9CF891A132969003E532C /* CalculatorTests.m in Sources */ = {isa = PBXBuildFile; fileRef = 09C9CF881A132969003E532C /* CalculatorTests.m */; };
		09C9CF971A133DB3003E532C /* SetManager.m in Sources */ = {isa = PBXBuildFile; fileRef = 09C9CF961A133DB3003E532C /* SetManager.m */; };
		09C9CF9A1A134976003E532C /* OCSetManager.m in Sources */ = {isa = PBXBuildFile; fileRef = 09C9CF991A134976003E532C /* OCSetManager.m */; };
		09D5677A1A16E67800C969F7 /* NSLinkedList.m in Sources */ = {isa = PBXBuildFile; fileRef = 09D567791A16E67800C969F7 /* NSLinkedList.m */; };
		09D5677D1A16E88B00C969F7 /* ListSetManager.m in Sources */ = {isa = PBXBuildFile; fileRef = 09D5677C1A16E88B00C969F7 /* ListSetManager.m */; };
/* End PBXBuildFile section */

/* Begin PBXContainerItemProxy section */
		09C9CF801A132969003E532C /* PBXContainerItemProxy */ = {
			isa = PBXContainerItemProxy;
			containerPortal = 09C9CF521A132969003E532C /* Project object */;
			proxyType = 1;
			remoteGlobalIDString = 09C9CF591A132969003E532C;
			remoteInfo = Calculator;
		};
/* End PBXContainerItemProxy section */

/* Begin PBXFileReference section */
		09C9CF5A1A132969003E532C /* Calculator.app */ = {isa = PBXFileReference; explicitFileType = wrapper.application; includeInIndex = 0; path = Calculator.app; sourceTree = BUILT_PRODUCTS_DIR; };
		09C9CF5D1A132969003E532C /* Foundation.framework */ = {isa = PBXFileReference; lastKnownFileType = wrapper.framework; name = Foundation.framework; path = System/Library/Frameworks/Foundation.framework; sourceTree = SDKROOT; };
		09C9CF5F1A132969003E532C /* CoreGraphics.framework */ = {isa = PBXFileReference; lastKnownFileType = wrapper.framework; name = CoreGraphics.framework; path = System/Library/Frameworks/CoreGraphics.framework; sourceTree = SDKROOT; };
		09C9CF611A132969003E532C /* UIKit.framework */ = {isa = PBXFileReference; lastKnownFileType = wrapper.framework; name = UIKit.framework; path = System/Library/Frameworks/UIKit.framework; sourceTree = SDKROOT; };
		09C9CF651A132969003E532C /* Calculator-Info.plist */ = {isa = PBXFileReference; lastKnownFileType = text.plist.xml; path = "Calculator-Info.plist"; sourceTree = "<group>"; };
		09C9CF671A132969003E532C /* en */ = {isa = PBXFileReference; lastKnownFileType = text.plist.strings; name = en; path = en.lproj/InfoPlist.strings; sourceTree = "<group>"; };
		09C9CF691A132969003E532C /* main.m */ = {isa = PBXFileReference; lastKnownFileType = sourcecode.c.objc; path = main.m; sourceTree = "<group>"; };
		09C9CF6B1A132969003E532C /* Calculator-Prefix.pch */ = {isa = PBXFileReference; lastKnownFileType = sourcecode.c.h; path = "Calculator-Prefix.pch"; sourceTree = "<group>"; };
		09C9CF6C1A132969003E532C /* AppDelegate.h */ = {isa = PBXFileReference; lastKnownFileType = sourcecode.c.h; path = AppDelegate.h; sourceTree = "<group>"; };
		09C9CF6D1A132969003E532C /* AppDelegate.m */ = {isa = PBXFileReference; lastKnownFileType = sourcecode.c.objc; path = AppDelegate.m; sourceTree = "<group>"; };
		09C9CF701A132969003E532C /* Base */ = {isa = PBXFileReference; lastKnownFileType = file.storyboard; name = Base; path = Base.lproj/Main.storyboard; sourceTree = "<group>"; };
		09C9CF721A132969003E532C /* ViewController.h */ = {isa = PBXFileReference; lastKnownFileType = sourcecode.c.h; path = ViewController.h; sourceTree = "<group>"; };
		09C9CF731A132969003E532C /* ViewController.m */ = {isa = PBXFileReference; lastKnownFileType = sourcecode.c.objc; path = ViewController.m; sourceTree = "<group>"; };
		09C9CF751A132969003E532C /* Images.xcassets */ = {isa = PBXFileReference; lastKnownFileType = folder.assetcatalog; path = Images.xcassets; sourceTree = "<group>"; };
		09C9CF7B1A132969003E532C /* CalculatorTests.xctest */ = {isa = PBXFileReference; explicitFileType = wrapper.cfbundle; includeInIndex = 0; path = CalculatorTests.xctest; sourceTree = BUILT_PRODUCTS_DIR; };
		09C9CF7C1A132969003E532C /* XCTest.framework */ = {isa = PBXFileReference; lastKnownFileType = wrapper.framework; name = XCTest.framework; path = Library/Frameworks/XCTest.framework; sourceTree = DEVELOPER_DIR; };
		09C9CF841A132969003E532C /* CalculatorTests-Info.plist */ = {isa = PBXFileReference; lastKnownFileType = text.plist.xml; path = "CalculatorTests-Info.plist"; sourceTree = "<group>"; };
		09C9CF861A132969003E532C /* en */ = {isa = PBXFileReference; lastKnownFileType = text.plist.strings; name = en; path = en.lproj/InfoPlist.strings; sourceTree = "<group>"; };
		09C9CF881A132969003E532C /* CalculatorTests.m */ = {isa = PBXFileReference; lastKnownFileType = sourcecode.c.objc; path = CalculatorTests.m; sourceTree = "<group>"; };
		09C9CF951A133DB3003E532C /* SetManager.h */ = {isa = PBXFileReference; fileEncoding = 4; lastKnownFileType = sourcecode.c.h; path = SetManager.h; sourceTree = "<group>"; };
		09C9CF961A133DB3003E532C /* SetManager.m */ = {isa = PBXFileReference; fileEncoding = 4; lastKnownFileType = sourcecode.c.objc; path = SetManager.m; sourceTree = "<group>"; };
		09C9CF981A134976003E532C /* OCSetManager.h */ = {isa = PBXFileReference; fileEncoding = 4; lastKnownFileType = sourcecode.c.h; path = OCSetManager.h; sourceTree = "<group>"; };
		09C9CF991A134976003E532C /* OCSetManager.m */ = {isa = PBXFileReference; fileEncoding = 4; lastKnownFileType = sourcecode.c.objc; path = OCSetManager.m; sourceTree = "<group>"; };
		09D567781A16E67800C969F7 /* NSLinkedList.h */ = {isa = PBXFileReference; fileEncoding = 4; lastKnownFileType = sourcecode.c.h; path = NSLinkedList.h; sourceTree = "<group>"; };
		09D567791A16E67800C969F7 /* NSLinkedList.m */ = {isa = PBXFileReference; fileEncoding = 4; lastKnownFileType = sourcecode.c.objc; path = NSLinkedList.m; sourceTree = "<group>"; };
		09D5677B1A16E88B00C969F7 /* ListSetManager.h */ = {isa = PBXFileReference; fileEncoding = 4; lastKnownFileType = sourcecode.c.h; path = ListSetManager.h; sourceTree = "<group>"; };
		09D5677C1A16E88B00C969F7 /* ListSetManager.m */ = {isa = PBXFileReference; fileEncoding = 4; lastKnownFileType = sourcecode.c.objc; path = ListSetManager.m; sourceTree = "<group>"; };
/* End PBXFileReference section */

/* Begin PBXFrameworksBuildPhase section */
		09C9CF571A132969003E532C /* Frameworks */ = {
			isa = PBXFrameworksBuildPhase;
			buildActionMask = 2147483647;
			files = (
				09C9CF601A132969003E532C /* CoreGraphics.framework in Frameworks */,
				09C9CF621A132969003E532C /* UIKit.framework in Frameworks */,
				09C9CF5E1A132969003E532C /* Foundation.framework in Frameworks */,
			);
			runOnlyForDeploymentPostprocessing = 0;
		};
		09C9CF781A132969003E532C /* Frameworks */ = {
			isa = PBXFrameworksBuildPhase;
			buildActionMask = 2147483647;
			files = (
				09C9CF7D1A132969003E532C /* XCTest.framework in Frameworks */,
				09C9CF7F1A132969003E532C /* UIKit.framework in Frameworks */,
				09C9CF7E1A132969003E532C /* Foundation.framework in Frameworks */,
			);
			runOnlyForDeploymentPostprocessing = 0;
		};
/* End PBXFrameworksBuildPhase section */

/* Begin PBXGroup section */
		09C9CF511A132969003E532C = {
			isa = PBXGroup;
			children = (
				09C9CF631A132969003E532C /* Calculator */,
				09C9CF821A132969003E532C /* CalculatorTests */,
				09C9CF5C1A132969003E532C /* Frameworks */,
				09C9CF5B1A132969003E532C /* Products */,
			);
			sourceTree = "<group>";
		};
		09C9CF5B1A132969003E532C /* Products */ = {
			isa = PBXGroup;
			children = (
				09C9CF5A1A132969003E532C /* Calculator.app */,
				09C9CF7B1A132969003E532C /* CalculatorTests.xctest */,
			);
			name = Products;
			sourceTree = "<group>";
		};
		09C9CF5C1A132969003E532C /* Frameworks */ = {
			isa = PBXGroup;
			children = (
				09C9CF5D1A132969003E532C /* Foundation.framework */,
				09C9CF5F1A132969003E532C /* CoreGraphics.framework */,
				09C9CF611A132969003E532C /* UIKit.framework */,
				09C9CF7C1A132969003E532C /* XCTest.framework */,
			);
			name = Frameworks;
			sourceTree = "<group>";
		};
		09C9CF631A132969003E532C /* Calculator */ = {
			isa = PBXGroup;
			children = (
				09C9CF6C1A132969003E532C /* AppDelegate.h */,
				09C9CF6D1A132969003E532C /* AppDelegate.m */,
				09C9CF6F1A132969003E532C /* Main.storyboard */,
				09C9CF721A132969003E532C /* ViewController.h */,
				09C9CF731A132969003E532C /* ViewController.m */,
				09C9CF751A132969003E532C /* Images.xcassets */,
				09C9CF641A132969003E532C /* Supporting Files */,
				09C9CF951A133DB3003E532C /* SetManager.h */,
				09C9CF961A133DB3003E532C /* SetManager.m */,
				09C9CF981A134976003E532C /* OCSetManager.h */,
				09C9CF991A134976003E532C /* OCSetManager.m */,
				09D567781A16E67800C969F7 /* NSLinkedList.h */,
				09D567791A16E67800C969F7 /* NSLinkedList.m */,
				09D5677B1A16E88B00C969F7 /* ListSetManager.h */,
				09D5677C1A16E88B00C969F7 /* ListSetManager.m */,
			);
			path = Calculator;
			sourceTree = "<group>";
		};
		09C9CF641A132969003E532C /* Supporting Files */ = {
			isa = PBXGroup;
			children = (
				09C9CF651A132969003E532C /* Calculator-Info.plist */,
				09C9CF661A132969003E532C /* InfoPlist.strings */,
				09C9CF691A132969003E532C /* main.m */,
				09C9CF6B1A132969003E532C /* Calculator-Prefix.pch */,
			);
			name = "Supporting Files";
			sourceTree = "<group>";
		};
		09C9CF821A132969003E532C /* CalculatorTests */ = {
			isa = PBXGroup;
			children = (
				09C9CF881A132969003E532C /* CalculatorTests.m */,
				09C9CF831A132969003E532C /* Supporting Files */,
			);
			path = CalculatorTests;
			sourceTree = "<group>";
		};
		09C9CF831A132969003E532C /* Supporting Files */ = {
			isa = PBXGroup;
			children = (
				09C9CF841A132969003E532C /* CalculatorTests-Info.plist */,
				09C9CF851A132969003E532C /* InfoPlist.strings */,
			);
			name = "Supporting Files";
			sourceTree = "<group>";
		};
/* End PBXGroup section */

/* Begin PBXNativeTarget section */
		09C9CF591A132969003E532C /* Calculator */ = {
			isa = PBXNativeTarget;
			buildConfigurationList = 09C9CF8C1A132969003E532C /* Build configuration list for PBXNativeTarget "Calculator" */;
			buildPhases = (
				09C9CF561A132969003E532C /* Sources */,
				09C9CF571A132969003E532C /* Frameworks */,
				09C9CF581A132969003E532C /* Resources */,
			);
			buildRules = (
			);
			dependencies = (
			);
			name = Calculator;
			productName = Calculator;
			productReference = 09C9CF5A1A132969003E532C /* Calculator.app */;
			productType = "com.apple.product-type.application";
		};
		09C9CF7A1A132969003E532C /* CalculatorTests */ = {
			isa = PBXNativeTarget;
			buildConfigurationList = 09C9CF8F1A132969003E532C /* Build configuration list for PBXNativeTarget "CalculatorTests" */;
			buildPhases = (
				09C9CF771A132969003E532C /* Sources */,
				09C9CF781A132969003E532C /* Frameworks */,
				09C9CF791A132969003E532C /* Resources */,
			);
			buildRules = (
			);
			dependencies = (
				09C9CF811A132969003E532C /* PBXTargetDependency */,
			);
			name = CalculatorTests;
			productName = CalculatorTests;
			productReference = 09C9CF7B1A132969003E532C /* CalculatorTests.xctest */;
			productType = "com.apple.product-type.bundle.unit-test";
		};
/* End PBXNativeTarget section */

/* Begin PBXProject section */
		09C9CF521A132969003E532C /* Project object */ = {
			isa = PBXProject;
			attributes = {
				LastUpgradeCheck = 0510;
				ORGANIZATIONNAME = com.bikas.example;
				TargetAttributes = {
					09C9CF7A1A132969003E532C = {
						TestTargetID = 09C9CF591A132969003E532C;
					};
				};
			};
			buildConfigurationList = 09C9CF551A132969003E532C /* Build configuration list for PBXProject "Calculator" */;
			compatibilityVersion = "Xcode 3.2";
			developmentRegion = English;
			hasScannedForEncodings = 0;
			knownRegions = (
				en,
				Base,
			);
			mainGroup = 09C9CF511A132969003E532C;
			productRefGroup = 09C9CF5B1A132969003E532C /* Products */;
			projectDirPath = "";
			projectRoot = "";
			targets = (
				09C9CF591A132969003E532C /* Calculator */,
				09C9CF7A1A132969003E532C /* CalculatorTests */,
			);
		};
/* End PBXProject section */

/* Begin PBXResourcesBuildPhase section */
		09C9CF581A132969003E532C /* Resources */ = {
			isa = PBXResourcesBuildPhase;
			buildActionMask = 2147483647;
			files = (
				09C9CF761A132969003E532C /* Images.xcassets in Resources */,
				09C9CF681A132969003E532C /* InfoPlist.strings in Resources */,
				09C9CF711A132969003E532C /* Main.storyboard in Resources */,
			);
			runOnlyForDeploymentPostprocessing = 0;
		};
		09C9CF791A132969003E532C /* Resources */ = {
			isa = PBXResourcesBuildPhase;
			buildActionMask = 2147483647;
			files = (
				09C9CF871A132969003E532C /* InfoPlist.strings in Resources */,
			);
			runOnlyForDeploymentPostprocessing = 0;
		};
/* End PBXResourcesBuildPhase section */

/* Begin PBXSourcesBuildPhase section */
		09C9CF561A132969003E532C /* Sources */ = {
			isa = PBXSourcesBuildPhase;
			buildActionMask = 2147483647;
			files = (
				09C9CF741A132969003E532C /* ViewController.m in Sources */,
				09C9CF6E1A132969003E532C /* AppDelegate.m in Sources */,
				09C9CF6A1A132969003E532C /* main.m in Sources */,
				09C9CF971A133DB3003E532C /* SetManager.m in Sources */,
				09D5677D1A16E88B00C969F7 /* ListSetManager.m in Sources */,
				09D5677A1A16E67800C969F7 /* NSLinkedList.m in Sources */,
				09C9CF9A1A134976003E532C /* OCSetManager.m in Sources */,
			);
			runOnlyForDeploymentPostprocessing = 0;
		};
		09C9CF771A132969003E532C /* Sources */ = {
			isa = PBXSourcesBuildPhase;
			buildActionMask = 2147483647;
			files = (
				09C9CF891A132969003E532C /* CalculatorTests.m in Sources */,
			);
			runOnlyForDeploymentPostprocessing = 0;
		};
/* End PBXSourcesBuildPhase section */

/* Begin PBXTargetDependency section */
		09C9CF811A132969003E532C /* PBXTargetDependency */ = {
			isa = PBXTargetDependency;
			target = 09C9CF591A132969003E532C /* Calculator */;
			targetProxy = 09C9CF801A132969003E532C /* PBXContainerItemProxy */;
		};
/* End PBXTargetDependency section */

/* Begin PBXVariantGroup section */
		09C9CF661A132969003E532C /* InfoPlist.strings */ = {
			isa = PBXVariantGroup;
			children = (
				09C9CF671A132969003E532C /* en */,
			);
			name = InfoPlist.strings;
			sourceTree = "<group>";
		};
		09C9CF6F1A132969003E532C /* Main.storyboard */ = {
			isa = PBXVariantGroup;
			children = (
				09C9CF701A132969003E532C /* Base */,
			);
			name = Main.storyboard;
			sourceTree = "<group>";
		};
		09C9CF851A132969003E532C /* InfoPlist.strings */ = {
			isa = PBXVariantGroup;
			children = (
				09C9CF861A132969003E532C /* en */,
			);
			name = InfoPlist.strings;
			sourceTree = "<group>";
		};
/* End PBXVariantGroup section */

/* Begin XCBuildConfiguration section */
		09C9CF8A1A132969003E532C /* Debug */ = {
			isa = XCBuildConfiguration;
			buildSettings = {
				ALWAYS_SEARCH_USER_PATHS = NO;
				CLANG_CXX_LANGUAGE_STANDARD = "gnu++0x";
				CLANG_CXX_LIBRARY = "libc++";
				CLANG_ENABLE_MODULES = YES;
				CLANG_ENABLE_OBJC_ARC = YES;
				CLANG_WARN_BOOL_CONVERSION = YES;
				CLANG_WARN_CONSTANT_CONVERSION = YES;
				CLANG_WARN_DIRECT_OBJC_ISA_USAGE = YES_ERROR;
				CLANG_WARN_EMPTY_BODY = YES;
				CLANG_WARN_ENUM_CONVERSION = YES;
				CLANG_WARN_INT_CONVERSION = YES;
				CLANG_WARN_OBJC_ROOT_CLASS = YES_ERROR;
				CLANG_WARN__DUPLICATE_METHOD_MATCH = YES;
				"CODE_SIGN_IDENTITY[sdk=iphoneos*]" = "iPhone Developer";
				COPY_PHASE_STRIP = NO;
				GCC_C_LANGUAGE_STANDARD = gnu99;
				GCC_DYNAMIC_NO_PIC = NO;
				GCC_OPTIMIZATION_LEVEL = 0;
				GCC_PREPROCESSOR_DEFINITIONS = (
					"DEBUG=1",
					"$(inherited)",
				);
				GCC_SYMBOLS_PRIVATE_EXTERN = NO;
				GCC_WARN_64_TO_32_BIT_CONVERSION = YES;
				GCC_WARN_ABOUT_RETURN_TYPE = YES_ERROR;
				GCC_WARN_UNDECLARED_SELECTOR = YES;
				GCC_WARN_UNINITIALIZED_AUTOS = YES_AGGRESSIVE;
				GCC_WARN_UNUSED_FUNCTION = YES;
				GCC_WARN_UNUSED_VARIABLE = YES;
				IPHONEOS_DEPLOYMENT_TARGET = 7.1;
				ONLY_ACTIVE_ARCH = YES;
				SDKROOT = iphoneos;
			};
			name = Debug;
		};
		09C9CF8B1A132969003E532C /* Release */ = {
			isa = XCBuildConfiguration;
			buildSettings = {
				ALWAYS_SEARCH_USER_PATHS = NO;
				CLANG_CXX_LANGUAGE_STANDARD = "gnu++0x";
				CLANG_CXX_LIBRARY = "libc++";
				CLANG_ENABLE_MODULES = YES;
				CLANG_ENABLE_OBJC_ARC = YES;
				CLANG_WARN_BOOL_CONVERSION = YES;
				CLANG_WARN_CONSTANT_CONVERSION = YES;
				CLANG_WARN_DIRECT_OBJC_ISA_USAGE = YES_ERROR;
				CLANG_WARN_EMPTY_BODY = YES;
				CLANG_WARN_ENUM_CONVERSION = YES;
				CLANG_WARN_INT_CONVERSION = YES;
				CLANG_WARN_OBJC_ROOT_CLASS = YES_ERROR;
				CLANG_WARN__DUPLICATE_METHOD_MATCH = YES;
				"CODE_SIGN_IDENTITY[sdk=iphoneos*]" = "iPhone Developer";
				COPY_PHASE_STRIP = YES;
				ENABLE_NS_ASSERTIONS = NO;
				GCC_C_LANGUAGE_STANDARD = gnu99;
				GCC_WARN_64_TO_32_BIT_CONVERSION = YES;
				GCC_WARN_ABOUT_RETURN_TYPE = YES_ERROR;
				GCC_WARN_UNDECLARED_SELECTOR = YES;
				GCC_WARN_UNINITIALIZED_AUTOS = YES_AGGRESSIVE;
				GCC_WARN_UNUSED_FUNCTION = YES;
				GCC_WARN_UNUSED_VARIABLE = YES;
				IPHONEOS_DEPLOYMENT_TARGET = 7.1;
				SDKROOT = iphoneos;
				VALIDATE_PRODUCT = YES;
			};
			name = Release;
		};
		09C9CF8D1A132969003E532C /* Debug */ = {
			isa = XCBuildConfiguration;
			buildSettings = {
				ASSETCATALOG_COMPILER_APPICON_NAME = AppIcon;
				ASSETCATALOG_COMPILER_LAUNCHIMAGE_NAME = LaunchImage;
				GCC_PRECOMPILE_PREFIX_HEADER = YES;
				GCC_PREFIX_HEADER = "Calculator/Calculator-Prefix.pch";
				INFOPLIST_FILE = "Calculator/Calculator-Info.plist";
				PRODUCT_NAME = "$(TARGET_NAME)";
				WRAPPER_EXTENSION = app;
			};
			name = Debug;
		};
		09C9CF8E1A132969003E532C /* Release */ = {
			isa = XCBuildConfiguration;
			buildSettings = {
				ASSETCATALOG_COMPILER_APPICON_NAME = AppIcon;
				ASSETCATALOG_COMPILER_LAUNCHIMAGE_NAME = LaunchImage;
				GCC_PRECOMPILE_PREFIX_HEADER = YES;
				GCC_PREFIX_HEADER = "Calculator/Calculator-Prefix.pch";
				INFOPLIST_FILE = "Calculator/Calculator-Info.plist";
				PRODUCT_NAME = "$(TARGET_NAME)";
				WRAPPER_EXTENSION = app;
			};
			name = Release;
		};
		09C9CF901A132969003E532C /* Debug */ = {
			isa = XCBuildConfiguration;
			buildSettings = {
				BUNDLE_LOADER = "$(BUILT_PRODUCTS_DIR)/Calculator.app/Calculator";
				FRAMEWORK_SEARCH_PATHS = (
					"$(SDKROOT)/Developer/Library/Frameworks",
					"$(inherited)",
					"$(DEVELOPER_FRAMEWORKS_DIR)",
				);
				GCC_PRECOMPILE_PREFIX_HEADER = YES;
				GCC_PREFIX_HEADER = "Calculator/Calculator-Prefix.pch";
				GCC_PREPROCESSOR_DEFINITIONS = (
					"DEBUG=1",
					"$(inherited)",
				);
				INFOPLIST_FILE = "CalculatorTests/CalculatorTests-Info.plist";
				PRODUCT_NAME = "$(TARGET_NAME)";
				TEST_HOST = "$(BUNDLE_LOADER)";
				WRAPPER_EXTENSION = xctest;
			};
			name = Debug;
		};
		09C9CF911A132969003E532C /* Release */ = {
			isa = XCBuildConfiguration;
			buildSettings = {
				BUNDLE_LOADER = "$(BUILT_PRODUCTS_DIR)/Calculator.app/Calculator";
				FRAMEWORK_SEARCH_PATHS = (
					"$(SDKROOT)/Developer/Library/Frameworks",
					"$(inherited)",
					"$(DEVELOPER_FRAMEWORKS_DIR)",
				);
				GCC_PRECOMPILE_PREFIX_HEADER = YES;
				GCC_PREFIX_HEADER = "Calculator/Calculator-Prefix.pch";
				INFOPLIST_FILE = "CalculatorTests/CalculatorTests-Info.plist";
				PRODUCT_NAME = "$(TARGET_NAME)";
				TEST_HOST = "$(BUNDLE_LOADER)";
				WRAPPER_EXTENSION = xctest;
			};
			name = Release;
		};
/* End XCBuildConfiguration section */

/* Begin XCConfigurationList section */
		09C9CF551A132969003E532C /* Build configuration list for PBXProject "Calculator" */ = {
			isa = XCConfigurationList;
			buildConfigurations = (
				09C9CF8A1A132969003E532C /* Debug */,
				09C9CF8B1A132969003E532C /* Release */,
			);
			defaultConfigurationIsVisible = 0;
			defaultConfigurationName = Release;
		};
		09C9CF8C1A132969003E532C /* Build configuration list for PBXNativeTarget "Calculator" */ = {
			isa = XCConfigurationList;
			buildConfigurations = (
				09C9CF8D1A132969003E532C /* Debug */,
				09C9CF8E1A132969003E532C /* Release */,
			);
			defaultConfigurationIsVisible = 0;
			defaultConfigurationName = Release;
		};
		09C9CF8F1A132969003E532C /* Build configuration list for PBXNativeTarget "CalculatorTests" */ = {
			isa = XCConfigurationList;
			buildConfigurations = (
				09C9CF901A132969003E532C /* Debug */,
				09C9CF911A132969003E532C /* Release */,
			);
			defaultConfigurationIsVisible = 0;
			defaultConfigurationName = Release;
		};
/* End XCConfigurationList section */
	};
	rootObject = 09C9CF521A132969003E532C /* Project object */;
}
